// !$*UTF8*$!
{
	archiveVersion = 1;
	classes = {
	};
	objectVersion = 46;
	objects = {

/* Begin PBXBuildFile section */
		424E86F616C3361500653B66 /* QuartzCore.framework in Frameworks */ = {isa = PBXBuildFile; fileRef = 424E86F516C3361500653B66 /* QuartzCore.framework */; };
		4284642716D4784000396E4F /* AB1ComponentPicker.m in Sources */ = {isa = PBXBuildFile; fileRef = 4284642616D4784000396E4F /* AB1ComponentPicker.m */; };
		4284642916D4807100396E4F /* BNRItemStore.m in Sources */ = {isa = PBXBuildFile; fileRef = 4284642816D4807100396E4F /* BNRItemStore.m */; };
		4284642D16D4813500396E4F /* FirstTry.xcdatamodeld in Sources */ = {isa = PBXBuildFile; fileRef = 4284642B16D4813500396E4F /* FirstTry.xcdatamodeld */; };
		4284643016D4861A00396E4F /* AB1ComponentCircuit.m in Sources */ = {isa = PBXBuildFile; fileRef = 4284642F16D4861A00396E4F /* AB1ComponentCircuit.m */; };
		428D913416D324C7006633DE /* CoreData.framework in Frameworks */ = {isa = PBXBuildFile; fileRef = 428D913316D324C7006633DE /* CoreData.framework */; };
		428D913716D32CB2006633DE /* and.png in Resources */ = {isa = PBXBuildFile; fileRef = 428D913616D32CB2006633DE /* and.png */; };
		42BAAB0E16BCD7B2002523D2 /* UIKit.framework in Frameworks */ = {isa = PBXBuildFile; fileRef = 42BAAB0D16BCD7B2002523D2 /* UIKit.framework */; };
		42BAAB1016BCD7B2002523D2 /* Foundation.framework in Frameworks */ = {isa = PBXBuildFile; fileRef = 42BAAB0F16BCD7B2002523D2 /* Foundation.framework */; };
		42BAAB1216BCD7B3002523D2 /* CoreGraphics.framework in Frameworks */ = {isa = PBXBuildFile; fileRef = 42BAAB1116BCD7B2002523D2 /* CoreGraphics.framework */; };
		42BAAB1816BCD7B3002523D2 /* InfoPlist.strings in Resources */ = {isa = PBXBuildFile; fileRef = 42BAAB1616BCD7B3002523D2 /* InfoPlist.strings */; };
		42BAAB1A16BCD7B3002523D2 /* main.m in Sources */ = {isa = PBXBuildFile; fileRef = 42BAAB1916BCD7B3002523D2 /* main.m */; };
		42BAAB1E16BCD7B3002523D2 /* AB1AppDelegate.m in Sources */ = {isa = PBXBuildFile; fileRef = 42BAAB1D16BCD7B3002523D2 /* AB1AppDelegate.m */; };
		42BAAB2016BCD7B3002523D2 /* Default.png in Resources */ = {isa = PBXBuildFile; fileRef = 42BAAB1F16BCD7B3002523D2 /* Default.png */; };
		42BAAB2216BCD7B3002523D2 /* Default@2x.png in Resources */ = {isa = PBXBuildFile; fileRef = 42BAAB2116BCD7B3002523D2 /* Default@2x.png */; };
		42BAAB2416BCD7B3002523D2 /* Default-568h@2x.png in Resources */ = {isa = PBXBuildFile; fileRef = 42BAAB2316BCD7B3002523D2 /* Default-568h@2x.png */; };
		42BAAB3B16BCDEF6002523D2 /* AB1ViewController.m in Sources */ = {isa = PBXBuildFile; fileRef = 42BAAB3A16BCDEF6002523D2 /* AB1ViewController.m */; };
		42BAAB3D16BCDFA3002523D2 /* photo-1.JPG in Resources */ = {isa = PBXBuildFile; fileRef = 42BAAB3C16BCDFA3002523D2 /* photo-1.JPG */; };
		42BAAB4016BCE4D7002523D2 /* AB1DrawView.m in Sources */ = {isa = PBXBuildFile; fileRef = 42BAAB3F16BCE4D7002523D2 /* AB1DrawView.m */; };
/* End PBXBuildFile section */

/* Begin PBXFileReference section */
		424E86F516C3361500653B66 /* QuartzCore.framework */ = {isa = PBXFileReference; lastKnownFileType = wrapper.framework; name = QuartzCore.framework; path = System/Library/Frameworks/QuartzCore.framework; sourceTree = SDKROOT; };
		4284642516D4784000396E4F /* AB1ComponentPicker.h */ = {isa = PBXFileReference; fileEncoding = 4; lastKnownFileType = sourcecode.c.h; path = AB1ComponentPicker.h; sourceTree = "<group>"; };
		4284642616D4784000396E4F /* AB1ComponentPicker.m */ = {isa = PBXFileReference; fileEncoding = 4; lastKnownFileType = sourcecode.c.objc; path = AB1ComponentPicker.m; sourceTree = "<group>"; };
		4284642816D4807100396E4F /* BNRItemStore.m */ = {isa = PBXFileReference; fileEncoding = 4; lastKnownFileType = sourcecode.c.objc; path = BNRItemStore.m; sourceTree = "<group>"; };
		4284642A16D4808E00396E4F /* BNRItemStore.h */ = {isa = PBXFileReference; fileEncoding = 4; lastKnownFileType = sourcecode.c.h; path = BNRItemStore.h; sourceTree = "<group>"; };
		4284642C16D4813500396E4F /* FirstTry.xcdatamodel */ = {isa = PBXFileReference; lastKnownFileType = wrapper.xcdatamodel; path = FirstTry.xcdatamodel; sourceTree = "<group>"; };
		4284642E16D4861A00396E4F /* AB1ComponentCircuit.h */ = {isa = PBXFileReference; fileEncoding = 4; lastKnownFileType = sourcecode.c.h; path = AB1ComponentCircuit.h; sourceTree = "<group>"; };
		4284642F16D4861A00396E4F /* AB1ComponentCircuit.m */ = {isa = PBXFileReference; fileEncoding = 4; lastKnownFileType = sourcecode.c.objc; path = AB1ComponentCircuit.m; sourceTree = "<group>"; };
		428D913316D324C7006633DE /* CoreData.framework */ = {isa = PBXFileReference; lastKnownFileType = wrapper.framework; name = CoreData.framework; path = System/Library/Frameworks/CoreData.framework; sourceTree = SDKROOT; };
		428D913616D32CB2006633DE /* and.png */ = {isa = PBXFileReference; lastKnownFileType = image.png; name = and.png; path = ../../../../and.png; sourceTree = "<group>"; };
		42BAAB0916BCD7B2002523D2 /* FirstTry.app */ = {isa = PBXFileReference; explicitFileType = wrapper.application; includeInIndex = 0; path = FirstTry.app; sourceTree = BUILT_PRODUCTS_DIR; };
		42BAAB0D16BCD7B2002523D2 /* UIKit.framework */ = {isa = PBXFileReference; lastKnownFileType = wrapper.framework; name = UIKit.framework; path = System/Library/Frameworks/UIKit.framework; sourceTree = SDKROOT; };
		42BAAB0F16BCD7B2002523D2 /* Foundation.framework */ = {isa = PBXFileReference; lastKnownFileType = wrapper.framework; name = Foundation.framework; path = System/Library/Frameworks/Foundation.framework; sourceTree = SDKROOT; };
		42BAAB1116BCD7B2002523D2 /* CoreGraphics.framework */ = {isa = PBXFileReference; lastKnownFileType = wrapper.framework; name = CoreGraphics.framework; path = System/Library/Frameworks/CoreGraphics.framework; sourceTree = SDKROOT; };
		42BAAB1516BCD7B3002523D2 /* FirstTry-Info.plist */ = {isa = PBXFileReference; lastKnownFileType = text.plist.xml; path = "FirstTry-Info.plist"; sourceTree = "<group>"; };
		42BAAB1716BCD7B3002523D2 /* en */ = {isa = PBXFileReference; lastKnownFileType = text.plist.strings; name = en; path = en.lproj/InfoPlist.strings; sourceTree = "<group>"; };
		42BAAB1916BCD7B3002523D2 /* main.m */ = {isa = PBXFileReference; lastKnownFileType = sourcecode.c.objc; path = main.m; sourceTree = "<group>"; };
		42BAAB1B16BCD7B3002523D2 /* FirstTry-Prefix.pch */ = {isa = PBXFileReference; lastKnownFileType = sourcecode.c.h; path = "FirstTry-Prefix.pch"; sourceTree = "<group>"; };
		42BAAB1C16BCD7B3002523D2 /* AB1AppDelegate.h */ = {isa = PBXFileReference; lastKnownFileType = sourcecode.c.h; path = AB1AppDelegate.h; sourceTree = "<group>"; };
		42BAAB1D16BCD7B3002523D2 /* AB1AppDelegate.m */ = {isa = PBXFileReference; lastKnownFileType = sourcecode.c.objc; path = AB1AppDelegate.m; sourceTree = "<group>"; };
		42BAAB1F16BCD7B3002523D2 /* Default.png */ = {isa = PBXFileReference; lastKnownFileType = image.png; path = Default.png; sourceTree = "<group>"; };
		42BAAB2116BCD7B3002523D2 /* Default@2x.png */ = {isa = PBXFileReference; lastKnownFileType = image.png; path = "Default@2x.png"; sourceTree = "<group>"; };
		42BAAB2316BCD7B3002523D2 /* Default-568h@2x.png */ = {isa = PBXFileReference; lastKnownFileType = image.png; path = "Default-568h@2x.png"; sourceTree = "<group>"; };
		42BAAB3916BCDEF6002523D2 /* AB1ViewController.h */ = {isa = PBXFileReference; fileEncoding = 4; lastKnownFileType = sourcecode.c.h; path = AB1ViewController.h; sourceTree = "<group>"; };
		42BAAB3A16BCDEF6002523D2 /* AB1ViewController.m */ = {isa = PBXFileReference; fileEncoding = 4; lastKnownFileType = sourcecode.c.objc; path = AB1ViewController.m; sourceTree = "<group>"; };
		42BAAB3C16BCDFA3002523D2 /* photo-1.JPG */ = {isa = PBXFileReference; lastKnownFileType = image.jpeg; path = "photo-1.JPG"; sourceTree = "<group>"; };
		42BAAB3E16BCE4D7002523D2 /* AB1DrawView.h */ = {isa = PBXFileReference; fileEncoding = 4; lastKnownFileType = sourcecode.c.h; path = AB1DrawView.h; sourceTree = "<group>"; };
		42BAAB3F16BCE4D7002523D2 /* AB1DrawView.m */ = {isa = PBXFileReference; fileEncoding = 4; lastKnownFileType = sourcecode.c.objc; path = AB1DrawView.m; sourceTree = "<group>"; };
/* End PBXFileReference section */

/* Begin PBXFrameworksBuildPhase section */
		42BAAB0616BCD7B2002523D2 /* Frameworks */ = {
			isa = PBXFrameworksBuildPhase;
			buildActionMask = 2147483647;
			files = (
				428D913416D324C7006633DE /* CoreData.framework in Frameworks */,
				424E86F616C3361500653B66 /* QuartzCore.framework in Frameworks */,
				42BAAB0E16BCD7B2002523D2 /* UIKit.framework in Frameworks */,
				42BAAB1016BCD7B2002523D2 /* Foundation.framework in Frameworks */,
				42BAAB1216BCD7B3002523D2 /* CoreGraphics.framework in Frameworks */,
			);
			runOnlyForDeploymentPostprocessing = 0;
		};
/* End PBXFrameworksBuildPhase section */

/* Begin PBXGroup section */
		42BAAAFE16BCD7B2002523D2 = {
			isa = PBXGroup;
			children = (
				4284642B16D4813500396E4F /* FirstTry.xcdatamodeld */,
				4284642E16D4861A00396E4F /* AB1ComponentCircuit.h */,
				4284642F16D4861A00396E4F /* AB1ComponentCircuit.m */,
				428D913316D324C7006633DE /* CoreData.framework */,
				424E86F516C3361500653B66 /* QuartzCore.framework */,
				42BAAB1316BCD7B3002523D2 /* FirstTry */,
				42BAAB0C16BCD7B2002523D2 /* Frameworks */,
				42BAAB0A16BCD7B2002523D2 /* Products */,
			);
			sourceTree = "<group>";
		};
		42BAAB0A16BCD7B2002523D2 /* Products */ = {
			isa = PBXGroup;
			children = (
				42BAAB0916BCD7B2002523D2 /* FirstTry.app */,
			);
			name = Products;
			sourceTree = "<group>";
		};
		42BAAB0C16BCD7B2002523D2 /* Frameworks */ = {
			isa = PBXGroup;
			children = (
				42BAAB0D16BCD7B2002523D2 /* UIKit.framework */,
				42BAAB0F16BCD7B2002523D2 /* Foundation.framework */,
				42BAAB1116BCD7B2002523D2 /* CoreGraphics.framework */,
			);
			name = Frameworks;
			sourceTree = "<group>";
		};
		42BAAB1316BCD7B3002523D2 /* FirstTry */ = {
			isa = PBXGroup;
			children = (
				42BAAB1C16BCD7B3002523D2 /* AB1AppDelegate.h */,
				42BAAB1D16BCD7B3002523D2 /* AB1AppDelegate.m */,
				42BAAB3C16BCDFA3002523D2 /* photo-1.JPG */,
				42BAAB3916BCDEF6002523D2 /* AB1ViewController.h */,
				428D913616D32CB2006633DE /* and.png */,
				42BAAB3A16BCDEF6002523D2 /* AB1ViewController.m */,
				42BAAB3E16BCE4D7002523D2 /* AB1DrawView.h */,
				4284642A16D4808E00396E4F /* BNRItemStore.h */,
				4284642816D4807100396E4F /* BNRItemStore.m */,
				42BAAB3F16BCE4D7002523D2 /* AB1DrawView.m */,
				4284642516D4784000396E4F /* AB1ComponentPicker.h */,
				4284642616D4784000396E4F /* AB1ComponentPicker.m */,
				42BAAB1416BCD7B3002523D2 /* Supporting Files */,
			);
			path = FirstTry;
			sourceTree = "<group>";
		};
		42BAAB1416BCD7B3002523D2 /* Supporting Files */ = {
			isa = PBXGroup;
			children = (
				42BAAB1516BCD7B3002523D2 /* FirstTry-Info.plist */,
				42BAAB1616BCD7B3002523D2 /* InfoPlist.strings */,
				42BAAB1916BCD7B3002523D2 /* main.m */,
				42BAAB1B16BCD7B3002523D2 /* FirstTry-Prefix.pch */,
				42BAAB1F16BCD7B3002523D2 /* Default.png */,
				42BAAB2116BCD7B3002523D2 /* Default@2x.png */,
				42BAAB2316BCD7B3002523D2 /* Default-568h@2x.png */,
			);
			name = "Supporting Files";
			sourceTree = "<group>";
		};
/* End PBXGroup section */

/* Begin PBXNativeTarget section */
		42BAAB0816BCD7B2002523D2 /* FirstTry */ = {
			isa = PBXNativeTarget;
			buildConfigurationList = 42BAAB2716BCD7B3002523D2 /* Build configuration list for PBXNativeTarget "FirstTry" */;
			buildPhases = (
				42BAAB0516BCD7B2002523D2 /* Sources */,
				42BAAB0616BCD7B2002523D2 /* Frameworks */,
				42BAAB0716BCD7B2002523D2 /* Resources */,
			);
			buildRules = (
			);
			dependencies = (
			);
			name = FirstTry;
			productName = FirstTry;
			productReference = 42BAAB0916BCD7B2002523D2 /* FirstTry.app */;
			productType = "com.apple.product-type.application";
		};
/* End PBXNativeTarget section */

/* Begin PBXProject section */
		42BAAB0016BCD7B2002523D2 /* Project object */ = {
			isa = PBXProject;
			attributes = {
				CLASSPREFIX = AB1;
				LastUpgradeCheck = 0450;
				ORGANIZATIONNAME = "American University";
			};
			buildConfigurationList = 42BAAB0316BCD7B2002523D2 /* Build configuration list for PBXProject "FirstTry" */;
			compatibilityVersion = "Xcode 3.2";
			developmentRegion = English;
			hasScannedForEncodings = 0;
			knownRegions = (
				en,
			);
			mainGroup = 42BAAAFE16BCD7B2002523D2;
			productRefGroup = 42BAAB0A16BCD7B2002523D2 /* Products */;
			projectDirPath = "";
			projectRoot = "";
			targets = (
				42BAAB0816BCD7B2002523D2 /* FirstTry */,
			);
		};
/* End PBXProject section */

/* Begin PBXResourcesBuildPhase section */
		42BAAB0716BCD7B2002523D2 /* Resources */ = {
			isa = PBXResourcesBuildPhase;
			buildActionMask = 2147483647;
			files = (
				42BAAB1816BCD7B3002523D2 /* InfoPlist.strings in Resources */,
				42BAAB2016BCD7B3002523D2 /* Default.png in Resources */,
				42BAAB2216BCD7B3002523D2 /* Default@2x.png in Resources */,
				42BAAB2416BCD7B3002523D2 /* Default-568h@2x.png in Resources */,
				42BAAB3D16BCDFA3002523D2 /* photo-1.JPG in Resources */,
				428D913716D32CB2006633DE /* and.png in Resources */,
			);
			runOnlyForDeploymentPostprocessing = 0;
		};
/* End PBXResourcesBuildPhase section */

/* Begin PBXSourcesBuildPhase section */
		42BAAB0516BCD7B2002523D2 /* Sources */ = {
			isa = PBXSourcesBuildPhase;
			buildActionMask = 2147483647;
			files = (
				42BAAB1A16BCD7B3002523D2 /* main.m in Sources */,
				42BAAB1E16BCD7B3002523D2 /* AB1AppDelegate.m in Sources */,
				42BAAB3B16BCDEF6002523D2 /* AB1ViewController.m in Sources */,
				42BAAB4016BCE4D7002523D2 /* AB1DrawView.m in Sources */,
				4284642716D4784000396E4F /* AB1ComponentPicker.m in Sources */,
				4284642916D4807100396E4F /* BNRItemStore.m in Sources */,
				4284642D16D4813500396E4F /* FirstTry.xcdatamodeld in Sources */,
				4284643016D4861A00396E4F /* AB1ComponentCircuit.m in Sources */,
			);
			runOnlyForDeploymentPostprocessing = 0;
		};
/* End PBXSourcesBuildPhase section */

/* Begin PBXVariantGroup section */
		42BAAB1616BCD7B3002523D2 /* InfoPlist.strings */ = {
			isa = PBXVariantGroup;
			children = (
				42BAAB1716BCD7B3002523D2 /* en */,
			);
			name = InfoPlist.strings;
			sourceTree = "<group>";
		};
/* End PBXVariantGroup section */

/* Begin XCBuildConfiguration section */
		42BAAB2516BCD7B3002523D2 /* Debug */ = {
			isa = XCBuildConfiguration;
			buildSettings = {
				ALWAYS_SEARCH_USER_PATHS = NO;
				CLANG_CXX_LANGUAGE_STANDARD = "gnu++0x";
				CLANG_CXX_LIBRARY = "libc++";
				CLANG_ENABLE_OBJC_ARC = YES;
				CLANG_WARN_EMPTY_BODY = YES;
				CLANG_WARN__DUPLICATE_METHOD_MATCH = YES;
				"CODE_SIGN_IDENTITY[sdk=iphoneos*]" = "iPhone Developer";
				COPY_PHASE_STRIP = NO;
				GCC_C_LANGUAGE_STANDARD = gnu99;
				GCC_DYNAMIC_NO_PIC = NO;
				GCC_OPTIMIZATION_LEVEL = 0;
				GCC_PREPROCESSOR_DEFINITIONS = (
					"DEBUG=1",
					"$(inherited)",
				);
				GCC_SYMBOLS_PRIVATE_EXTERN = NO;
				GCC_WARN_ABOUT_RETURN_TYPE = YES;
				GCC_WARN_UNINITIALIZED_AUTOS = YES;
				GCC_WARN_UNUSED_VARIABLE = YES;
				IPHONEOS_DEPLOYMENT_TARGET = 6.0;
				ONLY_ACTIVE_ARCH = YES;
				SDKROOT = iphoneos;
			};
			name = Debug;
		};
		42BAAB2616BCD7B3002523D2 /* Release */ = {
			isa = XCBuildConfiguration;
			buildSettings = {
				ALWAYS_SEARCH_USER_PATHS = NO;
				CLANG_CXX_LANGUAGE_STANDARD = "gnu++0x";
				CLANG_CXX_LIBRARY = "libc++";
				CLANG_ENABLE_OBJC_ARC = YES;
				CLANG_WARN_EMPTY_BODY = YES;
				CLANG_WARN__DUPLICATE_METHOD_MATCH = YES;
				"CODE_SIGN_IDENTITY[sdk=iphoneos*]" = "iPhone Developer";
				COPY_PHASE_STRIP = YES;
				GCC_C_LANGUAGE_STANDARD = gnu99;
				GCC_WARN_ABOUT_RETURN_TYPE = YES;
				GCC_WARN_UNINITIALIZED_AUTOS = YES;
				GCC_WARN_UNUSED_VARIABLE = YES;
				IPHONEOS_DEPLOYMENT_TARGET = 6.0;
				OTHER_CFLAGS = "-DNS_BLOCK_ASSERTIONS=1";
				SDKROOT = iphoneos;
				VALIDATE_PRODUCT = YES;
			};
			name = Release;
		};
		42BAAB2816BCD7B3002523D2 /* Debug */ = {
			isa = XCBuildConfiguration;
			buildSettings = {
				GCC_PRECOMPILE_PREFIX_HEADER = YES;
				GCC_PREFIX_HEADER = "FirstTry/FirstTry-Prefix.pch";
				INFOPLIST_FILE = "FirstTry/FirstTry-Info.plist";
				PRODUCT_NAME = "$(TARGET_NAME)";
				WRAPPER_EXTENSION = app;
			};
			name = Debug;
		};
		42BAAB2916BCD7B3002523D2 /* Release */ = {
			isa = XCBuildConfiguration;
			buildSettings = {
				GCC_PRECOMPILE_PREFIX_HEADER = YES;
				GCC_PREFIX_HEADER = "FirstTry/FirstTry-Prefix.pch";
				INFOPLIST_FILE = "FirstTry/FirstTry-Info.plist";
				PRODUCT_NAME = "$(TARGET_NAME)";
				WRAPPER_EXTENSION = app;
			};
			name = Release;
		};
/* End XCBuildConfiguration section */

/* Begin XCConfigurationList section */
		42BAAB0316BCD7B2002523D2 /* Build configuration list for PBXProject "FirstTry" */ = {
			isa = XCConfigurationList;
			buildConfigurations = (
				42BAAB2516BCD7B3002523D2 /* Debug */,
				42BAAB2616BCD7B3002523D2 /* Release */,
			);
			defaultConfigurationIsVisible = 0;
			defaultConfigurationName = Release;
		};
		42BAAB2716BCD7B3002523D2 /* Build configuration list for PBXNativeTarget "FirstTry" */ = {
			isa = XCConfigurationList;
			buildConfigurations = (
				42BAAB2816BCD7B3002523D2 /* Debug */,
				42BAAB2916BCD7B3002523D2 /* Release */,
			);
			defaultConfigurationIsVisible = 0;
			defaultConfigurationName = Release;
		};
/* End XCConfigurationList section */

/* Begin XCVersionGroup section */
		4284642B16D4813500396E4F /* FirstTry.xcdatamodeld */ = {
			isa = XCVersionGroup;
			children = (
				4284642C16D4813500396E4F /* FirstTry.xcdatamodel */,
			);
			currentVersion = 4284642C16D4813500396E4F /* FirstTry.xcdatamodel */;
			path = FirstTry.xcdatamodeld;
			sourceTree = "<group>";
			versionGroupType = wrapper.xcdatamodel;
		};
/* End XCVersionGroup section */
	};
	rootObject = 42BAAB0016BCD7B2002523D2 /* Project object */;
}
